PODS:
  - Masonry (1.1.0)
  - ReactiveObjC (3.1.0)
  - SDWebImage (4.4.2):
    - SDWebImage/Core (= 4.4.2)
  - SDWebImage/Core (4.4.2)

DEPENDENCIES:
  - Masonry
  - ReactiveObjC
  - SDWebImage

SPEC REPOS:
  https://github.com/cocoapods/specs.git:
    - Masonry
    - ReactiveObjC
    - SDWebImage

SPEC CHECKSUMS:
  Masonry: 678fab65091a9290e40e2832a55e7ab731aad201
  ReactiveObjC: 2a38ea15335de4119d8b17caf1db1484f61db902
  SDWebImage: 624d6e296c69b244bcede364c72ae0430ac14681

PODFILE CHECKSUM: 9915b546f0ebadfdcb4053f6691605cf1ee37380

COCOAPODS: 1.5.3
